// !$*UTF8*$!
{
	archiveVersion = 1;
	classes = {
	};
	objectVersion = 77;
	objects = {

/* Begin PBXBuildFile section */
		007A37EAF3B2BE346C225410 /* InboxStore.swift in Sources */ = {isa = PBXBuildFile; fileRef = 7093ECB6DC168183E2F377E8 /* InboxStore.swift */; };
		02125905C4E2BEB385A80B06 /* GarantiebewaarderApp.swift in Sources */ = {isa = PBXBuildFile; fileRef = 0272DF08F1B528E2E032F16C /* GarantiebewaarderApp.swift */; };
		0504C976AB961CAA52A5C935 /* Product.swift in Sources */ = {isa = PBXBuildFile; fileRef = 795FB7CB7E393E73FC12C6C2 /* Product.swift */; };
		08A2C6F1BAFCB5E19FDA09D5 /* WarrantyCalculator.swift in Sources */ = {isa = PBXBuildFile; fileRef = ABE3665608E7208483C09145 /* WarrantyCalculator.swift */; };
		09059669D517018EAE210555 /* NotificationPlannerTests.swift in Sources */ = {isa = PBXBuildFile; fileRef = EF17CF109829D53EE274BB9F /* NotificationPlannerTests.swift */; };
		094707724361F47D4A2C1812 /* ProductListQuery.swift in Sources */ = {isa = PBXBuildFile; fileRef = D7C536CBD67718ACD9C1FC43 /* ProductListQuery.swift */; };
		0D5C0D0BA498E9C3517CFFA0 /* AppSettings.swift in Sources */ = {isa = PBXBuildFile; fileRef = 0F84C94A514B2417C3CB01CD /* AppSettings.swift */; };
		0FCB5F4C29062C8979BF0E98 /* AddProductSheet.swift in Sources */ = {isa = PBXBuildFile; fileRef = 2BBAA7F5D3123847062A7F0C /* AddProductSheet.swift */; };
		113977AE0534A4410DA075B5 /* AppGroup.swift in Sources */ = {isa = PBXBuildFile; fileRef = 9C36CACA03AB23A40E600273 /* AppGroup.swift */; };
		11A45C9A95855A5F060FB0FC /* AttachmentProcessorTests.swift in Sources */ = {isa = PBXBuildFile; fileRef = 42C34437FAB2B2B3672C0970 /* AttachmentProcessorTests.swift */; };
		11E0F6C61E09A26F92630B04 /* OCRService.swift in Sources */ = {isa = PBXBuildFile; fileRef = C21B340082018F00022C7215 /* OCRService.swift */; };
		13348BAD7669706080649F90 /* ReminderCandidate+Product.swift in Sources */ = {isa = PBXBuildFile; fileRef = 26DB7A3802593B8953768266 /* ReminderCandidate+Product.swift */; };
		1369F65E5B08FBC41A253DDD /* RootView.swift in Sources */ = {isa = PBXBuildFile; fileRef = 628F8B4663C202CDCDC86E92 /* RootView.swift */; };
		189DC04B9A4AEE7177D93FA3 /* PreviewData.swift in Sources */ = {isa = PBXBuildFile; fileRef = 37A79EF4D8A6F9207D6E9795 /* PreviewData.swift */; };
		18D2CFF432A4A56DA1988A8F /* ProductDetailView.swift in Sources */ = {isa = PBXBuildFile; fileRef = 7B2D99E821B238B91A416469 /* ProductDetailView.swift */; };
		233C28386A605F9A5DAD4663 /* ExportFormat.swift in Sources */ = {isa = PBXBuildFile; fileRef = FC78E8B92D415A63CCA022F6 /* ExportFormat.swift */; };
		26DCD5A250D6B6DBD977D7E8 /* AttachmentsEditorSection.swift in Sources */ = {isa = PBXBuildFile; fileRef = 6C3FF8D65A45C73C245E73C5 /* AttachmentsEditorSection.swift */; };
		274A24C0315A950382731957 /* Money.swift in Sources */ = {isa = PBXBuildFile; fileRef = AA4712DE9B34B33D9C1142BE /* Money.swift */; };
		2AD7E3649BD1656B5E8FC1B3 /* AppInfo.swift in Sources */ = {isa = PBXBuildFile; fileRef = BC2FF31C906D5AC6F3D067DD /* AppInfo.swift */; };
		3102873CF3B48A1BCE274E32 /* AppGroup.swift in Sources */ = {isa = PBXBuildFile; fileRef = 9C36CACA03AB23A40E600273 /* AppGroup.swift */; };
		32C3B8A6A680C7E9E2B8B488 /* Enums.swift in Sources */ = {isa = PBXBuildFile; fileRef = F06CAD37C5BF72BF6BBE58EB /* Enums.swift */; };
		393E772D20A2070F3CF71DB5 /* WidgetSnapshot.swift in Sources */ = {isa = PBXBuildFile; fileRef = 4857CE242325B6308EC1E48C /* WidgetSnapshot.swift */; };
		3A0EE065745A136749F31AC7 /* ICloudStatus.swift in Sources */ = {isa = PBXBuildFile; fileRef = 77E344C210125F752E2685B1 /* ICloudStatus.swift */; };
		3A227B9B23E4B09062F5A32E /* ExportTests.swift in Sources */ = {isa = PBXBuildFile; fileRef = 4AA32CC4D013B5B510D4B98A /* ExportTests.swift */; };
		3AA1206BB67CCBC23B2554E7 /* ProductDraftTests.swift in Sources */ = {isa = PBXBuildFile; fileRef = 63B7BCF1938172D41039C94E /* ProductDraftTests.swift */; };
		3D41B0A78C1D403D9A975A24 /* Localizable.xcstrings in Resources */ = {isa = PBXBuildFile; fileRef = 453A56711373CB1632CAC2B1 /* Localizable.xcstrings */; };
		3EBFCFB2299ADFD574D7282F /* AppDelegate.swift in Sources */ = {isa = PBXBuildFile; fileRef = B4652C4574393331FD80D9C5 /* AppDelegate.swift */; };
		406DA6C292682EC05FE33D35 /* Localizable.xcstrings in Resources */ = {isa = PBXBuildFile; fileRef = 453A56711373CB1632CAC2B1 /* Localizable.xcstrings */; };
		4093961C58B32BDE860CFF5C /* SystemIntegrationTests.swift in Sources */ = {isa = PBXBuildFile; fileRef = D210DA5D0DD1661DAC6873C2 /* SystemIntegrationTests.swift */; };
		42DD62FDB7808F96A7DF66C8 /* WarrantyCalculatorTests.swift in Sources */ = {isa = PBXBuildFile; fileRef = 3F6F57B94C47DEA9F7D44F54 /* WarrantyCalculatorTests.swift */; };
		43CA995686FBB7E64DAD42D0 /* InboxStore.swift in Sources */ = {isa = PBXBuildFile; fileRef = 7093ECB6DC168183E2F377E8 /* InboxStore.swift */; };
		469211EDD5F116E9088F06D6 /* AttachmentViewer.swift in Sources */ = {isa = PBXBuildFile; fileRef = E1FB73FFB266D802077BA864 /* AttachmentViewer.swift */; };
		4693C5409E1E788371C59CC6 /* ProductListView.swift in Sources */ = {isa = PBXBuildFile; fileRef = 2C54A35E5F6B3F1F235EB49C /* ProductListView.swift */; };
		49005161336CB7DDB175F573 /* ShareViewController.swift in Sources */ = {isa = PBXBuildFile; fileRef = A267B19FE80885C217BE5E9A /* ShareViewController.swift */; };
		4B7FFFD2E23DE9F90A462807 /* CoreFlowUITests.swift in Sources */ = {isa = PBXBuildFile; fileRef = F01B32B9D64B2DC4A221D18A /* CoreFlowUITests.swift */; };
		4CA4299B4F3B9BC87071A8AB /* ProductDraft.swift in Sources */ = {isa = PBXBuildFile; fileRef = 81438795A7E0A2FEAA0E3AC6 /* ProductDraft.swift */; };
		4FC75A4093507B1DCF1C0FF9 /* ReminderCandidate.swift in Sources */ = {isa = PBXBuildFile; fileRef = 68C8159C08715D100C97A706 /* ReminderCandidate.swift */; };
		5115E66F5AF0B88E6DB50923 /* ShareSheet.swift in Sources */ = {isa = PBXBuildFile; fileRef = 1F495A4FB8DC980857B68E51 /* ShareSheet.swift */; };
		5823A9AF7D99703449AAA571 /* DataEraser.swift in Sources */ = {isa = PBXBuildFile; fileRef = 00321B530DFF1A5DA41B44F6 /* DataEraser.swift */; };
		588B1687A897CB88621B8978 /* SystemIntegration.swift in Sources */ = {isa = PBXBuildFile; fileRef = B0713FCB90C61C4B166A8AD3 /* SystemIntegration.swift */; };
		5C8B5424D10FECECF32D5356 /* ProductRow.swift in Sources */ = {isa = PBXBuildFile; fileRef = 6BA2E703C47338EDBCC3478A /* ProductRow.swift */; };
		5F49AE3303254A7640F3F376 /* LegalContent.swift in Sources */ = {isa = PBXBuildFile; fileRef = B666B0FD88F36F87FBCEC569 /* LegalContent.swift */; };
		62DFCF495AF7307C3F4EBC04 /* Theme.swift in Sources */ = {isa = PBXBuildFile; fileRef = 5324A77D400F9836E09E37FE /* Theme.swift */; };
		6904710AA9CB345ECC4E4FA0 /* AttachmentImportController.swift in Sources */ = {isa = PBXBuildFile; fileRef = FA9DF5F6EE9832B72AE64128 /* AttachmentImportController.swift */; };
		69E5469C432C66550B15B1A6 /* ProductModelTests.swift in Sources */ = {isa = PBXBuildFile; fileRef = 821E085B3AC0F2650FDC9DD0 /* ProductModelTests.swift */; };
		6D07D8935814813A72CD4AE5 /* DocumentScannerView.swift in Sources */ = {isa = PBXBuildFile; fileRef = A38E821B16A814BA68257B4D /* DocumentScannerView.swift */; };
		6E8859216E5189074E05B4A7 /* AttachmentProcessor.swift in Sources */ = {isa = PBXBuildFile; fileRef = 008DA5606F72406016A65B2B /* AttachmentProcessor.swift */; };
		7087339F0D5747743EC9829E /* NotificationScheduler.swift in Sources */ = {isa = PBXBuildFile; fileRef = 11C334308F7F169DDD552D0C /* NotificationScheduler.swift */; };
		70C6B19DDAD999E7BE74E0C2 /* SettingsView.swift in Sources */ = {isa = PBXBuildFile; fileRef = 602E1287CAACC63D3A7F0026 /* SettingsView.swift */; };
		74F8815BA1AB7C975C0B3052 /* ArchivedProductsView.swift in Sources */ = {isa = PBXBuildFile; fileRef = 19E5A3D50F632FDB3D79EAB0 /* ArchivedProductsView.swift */; };
		76F244D89BD13535B01D1703 /* GarantiebewaarderShare.appex in Embed Foundation Extensions */ = {isa = PBXBuildFile; fileRef = 8E7C9BB359F3D76B9310BB99 /* GarantiebewaarderShare.appex */; settings = {ATTRIBUTES = (RemoveHeadersOnCopy, ); }; };
		7E8E0E23A930C88B3CD9B04F /* WarrantyStatus.swift in Sources */ = {isa = PBXBuildFile; fileRef = B8DCA40339ACB5161E3B9EC1 /* WarrantyStatus.swift */; };
		86B5C661E3D01A8CF8884CE9 /* GarantieWidget.swift in Sources */ = {isa = PBXBuildFile; fileRef = 725E21955AB2D1133D56D220 /* GarantieWidget.swift */; };
		91A11A7B7EE408916D6551E9 /* WidgetSnapshot.swift in Sources */ = {isa = PBXBuildFile; fileRef = 4857CE242325B6308EC1E48C /* WidgetSnapshot.swift */; };
		9242DF307BE8628654EEA442 /* ProductEditView.swift in Sources */ = {isa = PBXBuildFile; fileRef = F63CCCA0DB90885A12E16445 /* ProductEditView.swift */; };
		9350F461356F855316FE8784 /* PrivacyInfo.xcprivacy in Resources */ = {isa = PBXBuildFile; fileRef = E7D096E0D95B6C50C753A580 /* PrivacyInfo.xcprivacy */; };
		9485CC48DC69552DDAA99E49 /* AppGroup.swift in Sources */ = {isa = PBXBuildFile; fileRef = 9C36CACA03AB23A40E600273 /* AppGroup.swift */; };
		AC32613772BAEBB60F7F9485 /* OnboardingView.swift in Sources */ = {isa = PBXBuildFile; fileRef = 01446947F1C8A9EC4A8DE95C /* OnboardingView.swift */; };
		AD390EA79A10B8A8912A613F /* ReceiptSuggestions.swift in Sources */ = {isa = PBXBuildFile; fileRef = B39C0247101ADC320D8ABE97 /* ReceiptSuggestions.swift */; };
		AF8FA0129BB187FD8DA33FC8 /* Localizable.xcstrings in Resources */ = {isa = PBXBuildFile; fileRef = FCECD4642B7D2EC74FED9B72 /* Localizable.xcstrings */; };
		B45A7ED383482510BA3C95E8 /* ReceiptParserTests.swift in Sources */ = {isa = PBXBuildFile; fileRef = 2FFD9BE08DAE81D5E1BC3791 /* ReceiptParserTests.swift */; };
		B88A5321240F0E59DD0C2E19 /* ReceiptParser.swift in Sources */ = {isa = PBXBuildFile; fileRef = D71D89BF5FFB6B796E951F66 /* ReceiptParser.swift */; };
		BE5DFE2D0A52FC63DB539295 /* ClaimEmailTemplate.swift in Sources */ = {isa = PBXBuildFile; fileRef = 61D61366088C934C5827273F /* ClaimEmailTemplate.swift */; };
		BEF393C793C70E8404A912FB /* OCRServiceTests.swift in Sources */ = {isa = PBXBuildFile; fileRef = D786486FA1FEA803522C2F9D /* OCRServiceTests.swift */; };
		C28C3FCA122C1F679BDF439F /* RemindersSync.swift in Sources */ = {isa = PBXBuildFile; fileRef = AF338ACFE7480C2942F60564 /* RemindersSync.swift */; };
		C383D30CB3A23DDB84566BEA /* AppSettings.swift in Sources */ = {isa = PBXBuildFile; fileRef = 0F84C94A514B2417C3CB01CD /* AppSettings.swift */; };
		C4C3A7196D7133E64854E745 /* ReminderCandidate.swift in Sources */ = {isa = PBXBuildFile; fileRef = 68C8159C08715D100C97A706 /* ReminderCandidate.swift */; };
		CF51F70A22CDD568BAC96950 /* ProductListQueryTests.swift in Sources */ = {isa = PBXBuildFile; fileRef = 09F6C82F8EAFE13BAE3C0BAA /* ProductListQueryTests.swift */; };
		D010CEFFF6D79CDBB7467014 /* Assets.xcassets in Resources */ = {isa = PBXBuildFile; fileRef = 0323D327AC045527DAA827E3 /* Assets.xcassets */; };
		D30365B60FB0B7064C7993A9 /* WarrantyStatus.swift in Sources */ = {isa = PBXBuildFile; fileRef = B8DCA40339ACB5161E3B9EC1 /* WarrantyStatus.swift */; };
		D52037830DD034A3840B8BD5 /* ClaimHelpView.swift in Sources */ = {isa = PBXBuildFile; fileRef = C5B507EA6F7D464269345FE4 /* ClaimHelpView.swift */; };
		D981978C23E41A3CE6832551 /* Attachment.swift in Sources */ = {isa = PBXBuildFile; fileRef = FE0F8B2DAE9A16AF305B017A /* Attachment.swift */; };
		DD50C2A2BCBF71E43FA25D04 /* PersistenceController.swift in Sources */ = {isa = PBXBuildFile; fileRef = B769A0A280413544F68576FD /* PersistenceController.swift */; };
		E0BD0C7224A9328466AAE2A4 /* PersistenceTests.swift in Sources */ = {isa = PBXBuildFile; fileRef = 50ABBB991484B28B5F8C3444 /* PersistenceTests.swift */; };
		E495ED272D15A2F76310C140 /* InboxImporter.swift in Sources */ = {isa = PBXBuildFile; fileRef = 8FA395D930D3B7DC91F0E22F /* InboxImporter.swift */; };
		E9E21E62D695B9224BCAA9C6 /* DeepLinkRouter.swift in Sources */ = {isa = PBXBuildFile; fileRef = B887C73DF1B0E6A7603DD6E4 /* DeepLinkRouter.swift */; };
		F0AD01E2E5BCBA92889E6C86 /* ExportService.swift in Sources */ = {isa = PBXBuildFile; fileRef = 49BD6F2874F3F6B0AE35AE88 /* ExportService.swift */; };
		F1654DB5E45CE6DCD692BF16 /* WarrantyRemaining+Text.swift in Sources */ = {isa = PBXBuildFile; fileRef = 99373128869543C25406AB04 /* WarrantyRemaining+Text.swift */; };
		F26B413C0BEDB535CF07D4AA /* GarantiebewaarderWidget.appex in Embed Foundation Extensions */ = {isa = PBXBuildFile; fileRef = A631C9369ECCC16D8D0EE879 /* GarantiebewaarderWidget.appex */; settings = {ATTRIBUTES = (RemoveHeadersOnCopy, ); }; };
		F3C5FA491A8F69D4CB84A979 /* NotificationPlanner.swift in Sources */ = {isa = PBXBuildFile; fileRef = 0E9A89137EF40E78FAF2A055 /* NotificationPlanner.swift */; };
		F7943981F62B7DF939B27AB3 /* ProductThumbnail.swift in Sources */ = {isa = PBXBuildFile; fileRef = 0C187A400C700F4C6FBC1005 /* ProductThumbnail.swift */; };
		F8B959AEA628CA8160D91A2D /* AttachmentGrid.swift in Sources */ = {isa = PBXBuildFile; fileRef = 90BA34EC9056786C34A39899 /* AttachmentGrid.swift */; };
		FDEFFAE177491221F12C4DD0 /* WarrantyCalculator.swift in Sources */ = {isa = PBXBuildFile; fileRef = ABE3665608E7208483C09145 /* WarrantyCalculator.swift */; };
		FEBFB630EB8DC37D1DAAFB87 /* WarrantyRemaining+Text.swift in Sources */ = {isa = PBXBuildFile; fileRef = 99373128869543C25406AB04 /* WarrantyRemaining+Text.swift */; };
/* End PBXBuildFile section */

/* Begin PBXContainerItemProxy section */
		426E36919ADBC471A3A9BD88 /* PBXContainerItemProxy */ = {
			isa = PBXContainerItemProxy;
			containerPortal = EB5C01F571E9DECE71C4C685 /* Project object */;
			proxyType = 1;
			remoteGlobalIDString = 3A7F79C4F45540793015F794;
			remoteInfo = Garantiebewaarder;
		};
		5CF5A61FA64FB52C7176AB50 /* PBXContainerItemProxy */ = {
			isa = PBXContainerItemProxy;
			containerPortal = EB5C01F571E9DECE71C4C685 /* Project object */;
			proxyType = 1;
			remoteGlobalIDString = 8AA905ECE1C3EE17A037A2EF;
			remoteInfo = GarantiebewaarderShare;
		};
		97B4AC6FDE62CEDE5D952191 /* PBXContainerItemProxy */ = {
			isa = PBXContainerItemProxy;
			containerPortal = EB5C01F571E9DECE71C4C685 /* Project object */;
			proxyType = 1;
			remoteGlobalIDString = 645A9CBD62629D032EB2A221;
			remoteInfo = GarantiebewaarderWidget;
		};
		9FD7C61F07FC3EF3ACB20EAF /* PBXContainerItemProxy */ = {
			isa = PBXContainerItemProxy;
			containerPortal = EB5C01F571E9DECE71C4C685 /* Project object */;
			proxyType = 1;
			remoteGlobalIDString = 3A7F79C4F45540793015F794;
			remoteInfo = Garantiebewaarder;
		};
/* End PBXContainerItemProxy section */

/* Begin PBXCopyFilesBuildPhase section */
		92B05EE8B10A03A5CCDCF6B3 /* Embed Foundation Extensions */ = {
			isa = PBXCopyFilesBuildPhase;
			buildActionMask = 2147483647;
			dstPath = "";
			dstSubfolderSpec = 13;
			files = (
				76F244D89BD13535B01D1703 /* GarantiebewaarderShare.appex in Embed Foundation Extensions */,
				F26B413C0BEDB535CF07D4AA /* GarantiebewaarderWidget.appex in Embed Foundation Extensions */,
			);
			name = "Embed Foundation Extensions";
			runOnlyForDeploymentPostprocessing = 0;
		};
/* End PBXCopyFilesBuildPhase section */

/* Begin PBXFileReference section */
		00321B530DFF1A5DA41B44F6 /* DataEraser.swift */ = {isa = PBXFileReference; lastKnownFileType = sourcecode.swift; path = DataEraser.swift; sourceTree = "<group>"; };
		008DA5606F72406016A65B2B /* AttachmentProcessor.swift */ = {isa = PBXFileReference; lastKnownFileType = sourcecode.swift; path = AttachmentProcessor.swift; sourceTree = "<group>"; };
		01446947F1C8A9EC4A8DE95C /* OnboardingView.swift */ = {isa = PBXFileReference; lastKnownFileType = sourcecode.swift; path = OnboardingView.swift; sourceTree = "<group>"; };
		0272DF08F1B528E2E032F16C /* GarantiebewaarderApp.swift */ = {isa = PBXFileReference; lastKnownFileType = sourcecode.swift; path = GarantiebewaarderApp.swift; sourceTree = "<group>"; };
		0323D327AC045527DAA827E3 /* Assets.xcassets */ = {isa = PBXFileReference; lastKnownFileType = folder.assetcatalog; path = Assets.xcassets; sourceTree = "<group>"; };
		09F6C82F8EAFE13BAE3C0BAA /* ProductListQueryTests.swift */ = {isa = PBXFileReference; lastKnownFileType = sourcecode.swift; path = ProductListQueryTests.swift; sourceTree = "<group>"; };
		0C187A400C700F4C6FBC1005 /* ProductThumbnail.swift */ = {isa = PBXFileReference; lastKnownFileType = sourcecode.swift; path = ProductThumbnail.swift; sourceTree = "<group>"; };
		0E9A89137EF40E78FAF2A055 /* NotificationPlanner.swift */ = {isa = PBXFileReference; lastKnownFileType = sourcecode.swift; path = NotificationPlanner.swift; sourceTree = "<group>"; };
		0F84C94A514B2417C3CB01CD /* AppSettings.swift */ = {isa = PBXFileReference; lastKnownFileType = sourcecode.swift; path = AppSettings.swift; sourceTree = "<group>"; };
		11C334308F7F169DDD552D0C /* NotificationScheduler.swift */ = {isa = PBXFileReference; lastKnownFileType = sourcecode.swift; path = NotificationScheduler.swift; sourceTree = "<group>"; };
		1719C138540788DC70855507 /* GarantiebewaarderWidget.entitlements */ = {isa = PBXFileReference; lastKnownFileType = text.plist.entitlements; path = GarantiebewaarderWidget.entitlements; sourceTree = "<group>"; };
		19E5A3D50F632FDB3D79EAB0 /* ArchivedProductsView.swift */ = {isa = PBXFileReference; lastKnownFileType = sourcecode.swift; path = ArchivedProductsView.swift; sourceTree = "<group>"; };
		1F495A4FB8DC980857B68E51 /* ShareSheet.swift */ = {isa = PBXFileReference; lastKnownFileType = sourcecode.swift; path = ShareSheet.swift; sourceTree = "<group>"; };
		264CDC666C911793E08A9F42 /* GarantiebewaarderUITests.xctest */ = {isa = PBXFileReference; includeInIndex = 0; lastKnownFileType = wrapper.cfbundle; path = GarantiebewaarderUITests.xctest; sourceTree = BUILT_PRODUCTS_DIR; };
		26DB7A3802593B8953768266 /* ReminderCandidate+Product.swift */ = {isa = PBXFileReference; lastKnownFileType = sourcecode.swift; path = "ReminderCandidate+Product.swift"; sourceTree = "<group>"; };
		29281219D01F7A52E9D6BDA3 /* Garantiebewaarder.app */ = {isa = PBXFileReference; includeInIndex = 0; lastKnownFileType = wrapper.application; path = Garantiebewaarder.app; sourceTree = BUILT_PRODUCTS_DIR; };
		2BBAA7F5D3123847062A7F0C /* AddProductSheet.swift */ = {isa = PBXFileReference; lastKnownFileType = sourcecode.swift; path = AddProductSheet.swift; sourceTree = "<group>"; };
		2C54A35E5F6B3F1F235EB49C /* ProductListView.swift */ = {isa = PBXFileReference; lastKnownFileType = sourcecode.swift; path = ProductListView.swift; sourceTree = "<group>"; };
		2FFD9BE08DAE81D5E1BC3791 /* ReceiptParserTests.swift */ = {isa = PBXFileReference; lastKnownFileType = sourcecode.swift; path = ReceiptParserTests.swift; sourceTree = "<group>"; };
		37A79EF4D8A6F9207D6E9795 /* PreviewData.swift */ = {isa = PBXFileReference; lastKnownFileType = sourcecode.swift; path = PreviewData.swift; sourceTree = "<group>"; };
		3F6F57B94C47DEA9F7D44F54 /* WarrantyCalculatorTests.swift */ = {isa = PBXFileReference; lastKnownFileType = sourcecode.swift; path = WarrantyCalculatorTests.swift; sourceTree = "<group>"; };
		42C34437FAB2B2B3672C0970 /* AttachmentProcessorTests.swift */ = {isa = PBXFileReference; lastKnownFileType = sourcecode.swift; path = AttachmentProcessorTests.swift; sourceTree = "<group>"; };
		453A56711373CB1632CAC2B1 /* Localizable.xcstrings */ = {isa = PBXFileReference; lastKnownFileType = text.json.xcstrings; path = Localizable.xcstrings; sourceTree = "<group>"; };
		4857CE242325B6308EC1E48C /* WidgetSnapshot.swift */ = {isa = PBXFileReference; lastKnownFileType = sourcecode.swift; path = WidgetSnapshot.swift; sourceTree = "<group>"; };
		49BD6F2874F3F6B0AE35AE88 /* ExportService.swift */ = {isa = PBXFileReference; lastKnownFileType = sourcecode.swift; path = ExportService.swift; sourceTree = "<group>"; };
		4AA32CC4D013B5B510D4B98A /* ExportTests.swift */ = {isa = PBXFileReference; lastKnownFileType = sourcecode.swift; path = ExportTests.swift; sourceTree = "<group>"; };
		4DDC3B0C59785558DBC193EF /* GarantiebewaarderShare.entitlements */ = {isa = PBXFileReference; lastKnownFileType = text.plist.entitlements; path = GarantiebewaarderShare.entitlements; sourceTree = "<group>"; };
		50ABBB991484B28B5F8C3444 /* PersistenceTests.swift */ = {isa = PBXFileReference; lastKnownFileType = sourcecode.swift; path = PersistenceTests.swift; sourceTree = "<group>"; };
		5324A77D400F9836E09E37FE /* Theme.swift */ = {isa = PBXFileReference; lastKnownFileType = sourcecode.swift; path = Theme.swift; sourceTree = "<group>"; };
		58A65DB3083A7137701BB254 /* Garantiebewaarder.entitlements */ = {isa = PBXFileReference; lastKnownFileType = text.plist.entitlements; path = Garantiebewaarder.entitlements; sourceTree = "<group>"; };
		602E1287CAACC63D3A7F0026 /* SettingsView.swift */ = {isa = PBXFileReference; lastKnownFileType = sourcecode.swift; path = SettingsView.swift; sourceTree = "<group>"; };
		61D61366088C934C5827273F /* ClaimEmailTemplate.swift */ = {isa = PBXFileReference; lastKnownFileType = sourcecode.swift; path = ClaimEmailTemplate.swift; sourceTree = "<group>"; };
		628F8B4663C202CDCDC86E92 /* RootView.swift */ = {isa = PBXFileReference; lastKnownFileType = sourcecode.swift; path = RootView.swift; sourceTree = "<group>"; };
		63B7BCF1938172D41039C94E /* ProductDraftTests.swift */ = {isa = PBXFileReference; lastKnownFileType = sourcecode.swift; path = ProductDraftTests.swift; sourceTree = "<group>"; };
		67C0A22822E1A8CEEC544363 /* Info.plist */ = {isa = PBXFileReference; lastKnownFileType = text.plist; path = Info.plist; sourceTree = "<group>"; };
		68C8159C08715D100C97A706 /* ReminderCandidate.swift */ = {isa = PBXFileReference; lastKnownFileType = sourcecode.swift; path = ReminderCandidate.swift; sourceTree = "<group>"; };
		6BA2E703C47338EDBCC3478A /* ProductRow.swift */ = {isa = PBXFileReference; lastKnownFileType = sourcecode.swift; path = ProductRow.swift; sourceTree = "<group>"; };
		6C3FF8D65A45C73C245E73C5 /* AttachmentsEditorSection.swift */ = {isa = PBXFileReference; lastKnownFileType = sourcecode.swift; path = AttachmentsEditorSection.swift; sourceTree = "<group>"; };
		7093ECB6DC168183E2F377E8 /* InboxStore.swift */ = {isa = PBXFileReference; lastKnownFileType = sourcecode.swift; path = InboxStore.swift; sourceTree = "<group>"; };
		725E21955AB2D1133D56D220 /* GarantieWidget.swift */ = {isa = PBXFileReference; lastKnownFileType = sourcecode.swift; path = GarantieWidget.swift; sourceTree = "<group>"; };
		77E344C210125F752E2685B1 /* ICloudStatus.swift */ = {isa = PBXFileReference; lastKnownFileType = sourcecode.swift; path = ICloudStatus.swift; sourceTree = "<group>"; };
		795FB7CB7E393E73FC12C6C2 /* Product.swift */ = {isa = PBXFileReference; lastKnownFileType = sourcecode.swift; path = Product.swift; sourceTree = "<group>"; };
		7B2D99E821B238B91A416469 /* ProductDetailView.swift */ = {isa = PBXFileReference; lastKnownFileType = sourcecode.swift; path = ProductDetailView.swift; sourceTree = "<group>"; };
		81438795A7E0A2FEAA0E3AC6 /* ProductDraft.swift */ = {isa = PBXFileReference; lastKnownFileType = sourcecode.swift; path = ProductDraft.swift; sourceTree = "<group>"; };
		821E085B3AC0F2650FDC9DD0 /* ProductModelTests.swift */ = {isa = PBXFileReference; lastKnownFileType = sourcecode.swift; path = ProductModelTests.swift; sourceTree = "<group>"; };
		85873946AB9386B0B835095B /* Info.plist */ = {isa = PBXFileReference; lastKnownFileType = text.plist; path = Info.plist; sourceTree = "<group>"; };
		8E7C9BB359F3D76B9310BB99 /* GarantiebewaarderShare.appex */ = {isa = PBXFileReference; includeInIndex = 0; lastKnownFileType = "wrapper.app-extension"; path = GarantiebewaarderShare.appex; sourceTree = BUILT_PRODUCTS_DIR; };
		8FA395D930D3B7DC91F0E22F /* InboxImporter.swift */ = {isa = PBXFileReference; lastKnownFileType = sourcecode.swift; path = InboxImporter.swift; sourceTree = "<group>"; };
		90BA34EC9056786C34A39899 /* AttachmentGrid.swift */ = {isa = PBXFileReference; lastKnownFileType = sourcecode.swift; path = AttachmentGrid.swift; sourceTree = "<group>"; };
		99373128869543C25406AB04 /* WarrantyRemaining+Text.swift */ = {isa = PBXFileReference; lastKnownFileType = sourcecode.swift; path = "WarrantyRemaining+Text.swift"; sourceTree = "<group>"; };
		9C36CACA03AB23A40E600273 /* AppGroup.swift */ = {isa = PBXFileReference; lastKnownFileType = sourcecode.swift; path = AppGroup.swift; sourceTree = "<group>"; };
		A267B19FE80885C217BE5E9A /* ShareViewController.swift */ = {isa = PBXFileReference; lastKnownFileType = sourcecode.swift; path = ShareViewController.swift; sourceTree = "<group>"; };
		A38E821B16A814BA68257B4D /* DocumentScannerView.swift */ = {isa = PBXFileReference; lastKnownFileType = sourcecode.swift; path = DocumentScannerView.swift; sourceTree = "<group>"; };
		A631C9369ECCC16D8D0EE879 /* GarantiebewaarderWidget.appex */ = {isa = PBXFileReference; includeInIndex = 0; lastKnownFileType = "wrapper.app-extension"; path = GarantiebewaarderWidget.appex; sourceTree = BUILT_PRODUCTS_DIR; };
		AA4712DE9B34B33D9C1142BE /* Money.swift */ = {isa = PBXFileReference; lastKnownFileType = sourcecode.swift; path = Money.swift; sourceTree = "<group>"; };
		ABE3665608E7208483C09145 /* WarrantyCalculator.swift */ = {isa = PBXFileReference; lastKnownFileType = sourcecode.swift; path = WarrantyCalculator.swift; sourceTree = "<group>"; };
		AF338ACFE7480C2942F60564 /* RemindersSync.swift */ = {isa = PBXFileReference; lastKnownFileType = sourcecode.swift; path = RemindersSync.swift; sourceTree = "<group>"; };
		B0713FCB90C61C4B166A8AD3 /* SystemIntegration.swift */ = {isa = PBXFileReference; lastKnownFileType = sourcecode.swift; path = SystemIntegration.swift; sourceTree = "<group>"; };
		B39C0247101ADC320D8ABE97 /* ReceiptSuggestions.swift */ = {isa = PBXFileReference; lastKnownFileType = sourcecode.swift; path = ReceiptSuggestions.swift; sourceTree = "<group>"; };
		B4652C4574393331FD80D9C5 /* AppDelegate.swift */ = {isa = PBXFileReference; lastKnownFileType = sourcecode.swift; path = AppDelegate.swift; sourceTree = "<group>"; };
		B666B0FD88F36F87FBCEC569 /* LegalContent.swift */ = {isa = PBXFileReference; lastKnownFileType = sourcecode.swift; path = LegalContent.swift; sourceTree = "<group>"; };
		B769A0A280413544F68576FD /* PersistenceController.swift */ = {isa = PBXFileReference; lastKnownFileType = sourcecode.swift; path = PersistenceController.swift; sourceTree = "<group>"; };
		B887C73DF1B0E6A7603DD6E4 /* DeepLinkRouter.swift */ = {isa = PBXFileReference; lastKnownFileType = sourcecode.swift; path = DeepLinkRouter.swift; sourceTree = "<group>"; };
		B8DCA40339ACB5161E3B9EC1 /* WarrantyStatus.swift */ = {isa = PBXFileReference; lastKnownFileType = sourcecode.swift; path = WarrantyStatus.swift; sourceTree = "<group>"; };
		BC2FF31C906D5AC6F3D067DD /* AppInfo.swift */ = {isa = PBXFileReference; lastKnownFileType = sourcecode.swift; path = AppInfo.swift; sourceTree = "<group>"; };
		C21B340082018F00022C7215 /* OCRService.swift */ = {isa = PBXFileReference; lastKnownFileType = sourcecode.swift; path = OCRService.swift; sourceTree = "<group>"; };
		C5B507EA6F7D464269345FE4 /* ClaimHelpView.swift */ = {isa = PBXFileReference; lastKnownFileType = sourcecode.swift; path = ClaimHelpView.swift; sourceTree = "<group>"; };
		D210DA5D0DD1661DAC6873C2 /* SystemIntegrationTests.swift */ = {isa = PBXFileReference; lastKnownFileType = sourcecode.swift; path = SystemIntegrationTests.swift; sourceTree = "<group>"; };
		D44BE6838AFD0A9E22C1F77D /* Info.plist */ = {isa = PBXFileReference; lastKnownFileType = text.plist; path = Info.plist; sourceTree = "<group>"; };
		D71D89BF5FFB6B796E951F66 /* ReceiptParser.swift */ = {isa = PBXFileReference; lastKnownFileType = sourcecode.swift; path = ReceiptParser.swift; sourceTree = "<group>"; };
		D786486FA1FEA803522C2F9D /* OCRServiceTests.swift */ = {isa = PBXFileReference; lastKnownFileType = sourcecode.swift; path = OCRServiceTests.swift; sourceTree = "<group>"; };
		D7C536CBD67718ACD9C1FC43 /* ProductListQuery.swift */ = {isa = PBXFileReference; lastKnownFileType = sourcecode.swift; path = ProductListQuery.swift; sourceTree = "<group>"; };
		DED6548CEAA8ABB22CBA4B11 /* GarantiebewaarderTests.xctest */ = {isa = PBXFileReference; includeInIndex = 0; lastKnownFileType = wrapper.cfbundle; path = GarantiebewaarderTests.xctest; sourceTree = BUILT_PRODUCTS_DIR; };
		E1FB73FFB266D802077BA864 /* AttachmentViewer.swift */ = {isa = PBXFileReference; lastKnownFileType = sourcecode.swift; path = AttachmentViewer.swift; sourceTree = "<group>"; };
		E7D096E0D95B6C50C753A580 /* PrivacyInfo.xcprivacy */ = {isa = PBXFileReference; path = PrivacyInfo.xcprivacy; sourceTree = "<group>"; };
		EF17CF109829D53EE274BB9F /* NotificationPlannerTests.swift */ = {isa = PBXFileReference; lastKnownFileType = sourcecode.swift; path = NotificationPlannerTests.swift; sourceTree = "<group>"; };
		F01B32B9D64B2DC4A221D18A /* CoreFlowUITests.swift */ = {isa = PBXFileReference; lastKnownFileType = sourcecode.swift; path = CoreFlowUITests.swift; sourceTree = "<group>"; };
		F06CAD37C5BF72BF6BBE58EB /* Enums.swift */ = {isa = PBXFileReference; lastKnownFileType = sourcecode.swift; path = Enums.swift; sourceTree = "<group>"; };
		F63CCCA0DB90885A12E16445 /* ProductEditView.swift */ = {isa = PBXFileReference; lastKnownFileType = sourcecode.swift; path = ProductEditView.swift; sourceTree = "<group>"; };
		FA9DF5F6EE9832B72AE64128 /* AttachmentImportController.swift */ = {isa = PBXFileReference; lastKnownFileType = sourcecode.swift; path = AttachmentImportController.swift; sourceTree = "<group>"; };
		FC78E8B92D415A63CCA022F6 /* ExportFormat.swift */ = {isa = PBXFileReference; lastKnownFileType = sourcecode.swift; path = ExportFormat.swift; sourceTree = "<group>"; };
		FCECD4642B7D2EC74FED9B72 /* Localizable.xcstrings */ = {isa = PBXFileReference; lastKnownFileType = text.json.xcstrings; path = Localizable.xcstrings; sourceTree = "<group>"; };
		FE0F8B2DAE9A16AF305B017A /* Attachment.swift */ = {isa = PBXFileReference; lastKnownFileType = sourcecode.swift; path = Attachment.swift; sourceTree = "<group>"; };
/* End PBXFileReference section */

/* Begin PBXGroup section */
		0DBD02F4A79BF16337266C5A /* Resources */ = {
			isa = PBXGroup;
			children = (
				0323D327AC045527DAA827E3 /* Assets.xcassets */,
				453A56711373CB1632CAC2B1 /* Localizable.xcstrings */,
				E7D096E0D95B6C50C753A580 /* PrivacyInfo.xcprivacy */,
			);
			path = Resources;
			sourceTree = "<group>";
		};
		3160978545F03400EAB0920D /* GarantiebewaarderWidget */ = {
			isa = PBXGroup;
			children = (
				1719C138540788DC70855507 /* GarantiebewaarderWidget.entitlements */,
				725E21955AB2D1133D56D220 /* GarantieWidget.swift */,
				D44BE6838AFD0A9E22C1F77D /* Info.plist */,
			);
			path = GarantiebewaarderWidget;
			sourceTree = "<group>";
		};
		385C30A6B091668BE6672EAA /* GarantiebewaarderShare */ = {
			isa = PBXGroup;
			children = (
				4DDC3B0C59785558DBC193EF /* GarantiebewaarderShare.entitlements */,
				85873946AB9386B0B835095B /* Info.plist */,
				FCECD4642B7D2EC74FED9B72 /* Localizable.xcstrings */,
				A267B19FE80885C217BE5E9A /* ShareViewController.swift */,
			);
			path = GarantiebewaarderShare;
			sourceTree = "<group>";
		};
		40BD3C933F52CE7FF73C9B0A /* Garantiebewaarder */ = {
			isa = PBXGroup;
			children = (
				58A65DB3083A7137701BB254 /* Garantiebewaarder.entitlements */,
				67C0A22822E1A8CEEC544363 /* Info.plist */,
				DAF105452687492DEA192360 /* App */,
				7C4D98B9C592316B74CE63BC /* Features */,
				F491893D5AA5EE0DE132A849 /* Models */,
				0DBD02F4A79BF16337266C5A /* Resources */,
				8CB61D9B221E5CA17AD9D168 /* Services */,
				EAA4CB48CC1665B4EE7E146B /* Shared */,
			);
			path = Garantiebewaarder;
			sourceTree = "<group>";
		};
		71CEDA9021BC90525CB537B1 /* Export */ = {
			isa = PBXGroup;
			children = (
				1F495A4FB8DC980857B68E51 /* ShareSheet.swift */,
			);
			path = Export;
			sourceTree = "<group>";
		};
		75767708A8936D31F32DCC03 /* ProductList */ = {
			isa = PBXGroup;
			children = (
				2C54A35E5F6B3F1F235EB49C /* ProductListView.swift */,
				6BA2E703C47338EDBCC3478A /* ProductRow.swift */,
			);
			path = ProductList;
			sourceTree = "<group>";
		};
		7C4D98B9C592316B74CE63BC /* Features */ = {
			isa = PBXGroup;
			children = (
				A8BA8711C3EE1AADC805F83E /* AddProduct */,
				9AFE677B79FF3E048814CFBE /* Attachments */,
				CEDD4D8E689617B12F271552 /* ClaimHelp */,
				71CEDA9021BC90525CB537B1 /* Export */,
				EF46EAE098268880F80AF7E9 /* Onboarding */,
				E78B2475504C3A0FEEC1735E /* ProductDetail */,
				75767708A8936D31F32DCC03 /* ProductList */,
				90DC82F49180122B316C9669 /* Settings */,
			);
			path = Features;
			sourceTree = "<group>";
		};
		8CB61D9B221E5CA17AD9D168 /* Services */ = {
			isa = PBXGroup;
			children = (
				008DA5606F72406016A65B2B /* AttachmentProcessor.swift */,
				61D61366088C934C5827273F /* ClaimEmailTemplate.swift */,
				00321B530DFF1A5DA41B44F6 /* DataEraser.swift */,
				FC78E8B92D415A63CCA022F6 /* ExportFormat.swift */,
				49BD6F2874F3F6B0AE35AE88 /* ExportService.swift */,
				77E344C210125F752E2685B1 /* ICloudStatus.swift */,
				8FA395D930D3B7DC91F0E22F /* InboxImporter.swift */,
				0E9A89137EF40E78FAF2A055 /* NotificationPlanner.swift */,
				11C334308F7F169DDD552D0C /* NotificationScheduler.swift */,
				C21B340082018F00022C7215 /* OCRService.swift */,
				81438795A7E0A2FEAA0E3AC6 /* ProductDraft.swift */,
				D7C536CBD67718ACD9C1FC43 /* ProductListQuery.swift */,
				D71D89BF5FFB6B796E951F66 /* ReceiptParser.swift */,
				B39C0247101ADC320D8ABE97 /* ReceiptSuggestions.swift */,
				68C8159C08715D100C97A706 /* ReminderCandidate.swift */,
				26DB7A3802593B8953768266 /* ReminderCandidate+Product.swift */,
				B0713FCB90C61C4B166A8AD3 /* SystemIntegration.swift */,
				ABE3665608E7208483C09145 /* WarrantyCalculator.swift */,
			);
			path = Services;
			sourceTree = "<group>";
		};
		90DC82F49180122B316C9669 /* Settings */ = {
			isa = PBXGroup;
			children = (
				19E5A3D50F632FDB3D79EAB0 /* ArchivedProductsView.swift */,
				602E1287CAACC63D3A7F0026 /* SettingsView.swift */,
			);
			path = Settings;
			sourceTree = "<group>";
		};
		9AFE677B79FF3E048814CFBE /* Attachments */ = {
			isa = PBXGroup;
			children = (
				90BA34EC9056786C34A39899 /* AttachmentGrid.swift */,
				FA9DF5F6EE9832B72AE64128 /* AttachmentImportController.swift */,
				6C3FF8D65A45C73C245E73C5 /* AttachmentsEditorSection.swift */,
				E1FB73FFB266D802077BA864 /* AttachmentViewer.swift */,
				A38E821B16A814BA68257B4D /* DocumentScannerView.swift */,
			);
			path = Attachments;
			sourceTree = "<group>";
		};
		A59BA0EDF3AEB24685BDD707 = {
			isa = PBXGroup;
			children = (
				40BD3C933F52CE7FF73C9B0A /* Garantiebewaarder */,
				385C30A6B091668BE6672EAA /* GarantiebewaarderShare */,
				FCD772751A7B03B68159BF54 /* GarantiebewaarderTests */,
				E588AF7F19BC2539045879F6 /* GarantiebewaarderUITests */,
				3160978545F03400EAB0920D /* GarantiebewaarderWidget */,
				CFF823D331E701B8F98A3303 /* Products */,
			);
			sourceTree = "<group>";
		};
		A8BA8711C3EE1AADC805F83E /* AddProduct */ = {
			isa = PBXGroup;
			children = (
				2BBAA7F5D3123847062A7F0C /* AddProductSheet.swift */,
				F63CCCA0DB90885A12E16445 /* ProductEditView.swift */,
			);
			path = AddProduct;
			sourceTree = "<group>";
		};
		CEDD4D8E689617B12F271552 /* ClaimHelp */ = {
			isa = PBXGroup;
			children = (
				C5B507EA6F7D464269345FE4 /* ClaimHelpView.swift */,
			);
			path = ClaimHelp;
			sourceTree = "<group>";
		};
		CFF823D331E701B8F98A3303 /* Products */ = {
			isa = PBXGroup;
			children = (
				29281219D01F7A52E9D6BDA3 /* Garantiebewaarder.app */,
				8E7C9BB359F3D76B9310BB99 /* GarantiebewaarderShare.appex */,
				DED6548CEAA8ABB22CBA4B11 /* GarantiebewaarderTests.xctest */,
				264CDC666C911793E08A9F42 /* GarantiebewaarderUITests.xctest */,
				A631C9369ECCC16D8D0EE879 /* GarantiebewaarderWidget.appex */,
			);
			name = Products;
			sourceTree = "<group>";
		};
		DAF105452687492DEA192360 /* App */ = {
			isa = PBXGroup;
			children = (
				B4652C4574393331FD80D9C5 /* AppDelegate.swift */,
				B887C73DF1B0E6A7603DD6E4 /* DeepLinkRouter.swift */,
				0272DF08F1B528E2E032F16C /* GarantiebewaarderApp.swift */,
				AF338ACFE7480C2942F60564 /* RemindersSync.swift */,
				628F8B4663C202CDCDC86E92 /* RootView.swift */,
			);
			path = App;
			sourceTree = "<group>";
		};
		E588AF7F19BC2539045879F6 /* GarantiebewaarderUITests */ = {
			isa = PBXGroup;
			children = (
				F01B32B9D64B2DC4A221D18A /* CoreFlowUITests.swift */,
			);
			path = GarantiebewaarderUITests;
			sourceTree = "<group>";
		};
		E78B2475504C3A0FEEC1735E /* ProductDetail */ = {
			isa = PBXGroup;
			children = (
				7B2D99E821B238B91A416469 /* ProductDetailView.swift */,
			);
			path = ProductDetail;
			sourceTree = "<group>";
		};
		EAA4CB48CC1665B4EE7E146B /* Shared */ = {
			isa = PBXGroup;
			children = (
				9C36CACA03AB23A40E600273 /* AppGroup.swift */,
				BC2FF31C906D5AC6F3D067DD /* AppInfo.swift */,
				0F84C94A514B2417C3CB01CD /* AppSettings.swift */,
				7093ECB6DC168183E2F377E8 /* InboxStore.swift */,
				B666B0FD88F36F87FBCEC569 /* LegalContent.swift */,
				0C187A400C700F4C6FBC1005 /* ProductThumbnail.swift */,
				5324A77D400F9836E09E37FE /* Theme.swift */,
				99373128869543C25406AB04 /* WarrantyRemaining+Text.swift */,
				4857CE242325B6308EC1E48C /* WidgetSnapshot.swift */,
			);
			path = Shared;
			sourceTree = "<group>";
		};
		EF46EAE098268880F80AF7E9 /* Onboarding */ = {
			isa = PBXGroup;
			children = (
				01446947F1C8A9EC4A8DE95C /* OnboardingView.swift */,
			);
			path = Onboarding;
			sourceTree = "<group>";
		};
		F491893D5AA5EE0DE132A849 /* Models */ = {
			isa = PBXGroup;
			children = (
				FE0F8B2DAE9A16AF305B017A /* Attachment.swift */,
				F06CAD37C5BF72BF6BBE58EB /* Enums.swift */,
				AA4712DE9B34B33D9C1142BE /* Money.swift */,
				B769A0A280413544F68576FD /* PersistenceController.swift */,
				37A79EF4D8A6F9207D6E9795 /* PreviewData.swift */,
				795FB7CB7E393E73FC12C6C2 /* Product.swift */,
				B8DCA40339ACB5161E3B9EC1 /* WarrantyStatus.swift */,
			);
			path = Models;
			sourceTree = "<group>";
		};
		FCD772751A7B03B68159BF54 /* GarantiebewaarderTests */ = {
			isa = PBXGroup;
			children = (
				42C34437FAB2B2B3672C0970 /* AttachmentProcessorTests.swift */,
				4AA32CC4D013B5B510D4B98A /* ExportTests.swift */,
				EF17CF109829D53EE274BB9F /* NotificationPlannerTests.swift */,
				D786486FA1FEA803522C2F9D /* OCRServiceTests.swift */,
				50ABBB991484B28B5F8C3444 /* PersistenceTests.swift */,
				63B7BCF1938172D41039C94E /* ProductDraftTests.swift */,
				09F6C82F8EAFE13BAE3C0BAA /* ProductListQueryTests.swift */,
				821E085B3AC0F2650FDC9DD0 /* ProductModelTests.swift */,
				2FFD9BE08DAE81D5E1BC3791 /* ReceiptParserTests.swift */,
				D210DA5D0DD1661DAC6873C2 /* SystemIntegrationTests.swift */,
				3F6F57B94C47DEA9F7D44F54 /* WarrantyCalculatorTests.swift */,
			);
			path = GarantiebewaarderTests;
			sourceTree = "<group>";
		};
/* End PBXGroup section */

/* Begin PBXNativeTarget section */
		1629C6681B25A859B04CE984 /* GarantiebewaarderUITests */ = {
			isa = PBXNativeTarget;
			buildConfigurationList = DCD587330430F900CD4F8864 /* Build configuration list for PBXNativeTarget "GarantiebewaarderUITests" */;
			buildPhases = (
				3AC3F20C9F388E22DCB2EAE1 /* Sources */,
			);
			buildRules = (
			);
			dependencies = (
				FA98330C97CC1D3564C51D4C /* PBXTargetDependency */,
			);
			name = GarantiebewaarderUITests;
			packageProductDependencies = (
			);
			productName = GarantiebewaarderUITests;
			productReference = 264CDC666C911793E08A9F42 /* GarantiebewaarderUITests.xctest */;
			productType = "com.apple.product-type.bundle.ui-testing";
		};
		3A7F79C4F45540793015F794 /* Garantiebewaarder */ = {
			isa = PBXNativeTarget;
			buildConfigurationList = 46E7F8D6AFD0FF199D0D0308 /* Build configuration list for PBXNativeTarget "Garantiebewaarder" */;
			buildPhases = (
				91C4BD984C249637E85DB6AD /* Sources */,
				CA332774DCBDB6DB8D70FC2F /* Resources */,
				92B05EE8B10A03A5CCDCF6B3 /* Embed Foundation Extensions */,
			);
			buildRules = (
			);
			dependencies = (
				A55271F799191CEDD7AF25CA /* PBXTargetDependency */,
				498AEED8B8C877E097AF7A1D /* PBXTargetDependency */,
			);
			name = Garantiebewaarder;
			packageProductDependencies = (
			);
			productName = Garantiebewaarder;
			productReference = 29281219D01F7A52E9D6BDA3 /* Garantiebewaarder.app */;
			productType = "com.apple.product-type.application";
		};
		645A9CBD62629D032EB2A221 /* GarantiebewaarderWidget */ = {
			isa = PBXNativeTarget;
			buildConfigurationList = 00E8020E340358257AE09177 /* Build configuration list for PBXNativeTarget "GarantiebewaarderWidget" */;
			buildPhases = (
				81FBD6053DE07CCC958F901B /* Sources */,
				0294C64231A81B96D59E51C1 /* Resources */,
			);
			buildRules = (
			);
			dependencies = (
			);
			name = GarantiebewaarderWidget;
			packageProductDependencies = (
			);
			productName = GarantiebewaarderWidget;
			productReference = A631C9369ECCC16D8D0EE879 /* GarantiebewaarderWidget.appex */;
			productType = "com.apple.product-type.app-extension";
		};
		8AA905ECE1C3EE17A037A2EF /* GarantiebewaarderShare */ = {
			isa = PBXNativeTarget;
			buildConfigurationList = 706E471275FEC4B29359E49F /* Build configuration list for PBXNativeTarget "GarantiebewaarderShare" */;
			buildPhases = (
				571F76B5D47FAEC6639F011B /* Sources */,
				756AE6E53AA01E8BE84EDD69 /* Resources */,
			);
			buildRules = (
			);
			dependencies = (
			);
			name = GarantiebewaarderShare;
			packageProductDependencies = (
			);
			productName = GarantiebewaarderShare;
			productReference = 8E7C9BB359F3D76B9310BB99 /* GarantiebewaarderShare.appex */;
			productType = "com.apple.product-type.app-extension";
		};
		F14BDD1B8A7A271DE1D0476D /* GarantiebewaarderTests */ = {
			isa = PBXNativeTarget;
			buildConfigurationList = DD8A62F2164C381BF439696F /* Build configuration list for PBXNativeTarget "GarantiebewaarderTests" */;
			buildPhases = (
				588804492FD4F9010F00677A /* Sources */,
			);
			buildRules = (
			);
			dependencies = (
				8CC3AEA60D957E337FBD2E96 /* PBXTargetDependency */,
			);
			name = GarantiebewaarderTests;
			packageProductDependencies = (
			);
			productName = GarantiebewaarderTests;
			productReference = DED6548CEAA8ABB22CBA4B11 /* GarantiebewaarderTests.xctest */;
			productType = "com.apple.product-type.bundle.unit-test";
		};
/* End PBXNativeTarget section */

/* Begin PBXProject section */
		EB5C01F571E9DECE71C4C685 /* Project object */ = {
			isa = PBXProject;
			attributes = {
				BuildIndependentTargetsInParallel = YES;
				LastUpgradeCheck = 1430;
				TargetAttributes = {
					1629C6681B25A859B04CE984 = {
						DevelopmentTeam = "";
						ProvisioningStyle = Automatic;
						TestTargetID = 3A7F79C4F45540793015F794;
					};
					3A7F79C4F45540793015F794 = {
						DevelopmentTeam = "";
						ProvisioningStyle = Automatic;
					};
					645A9CBD62629D032EB2A221 = {
						DevelopmentTeam = "";
						ProvisioningStyle = Automatic;
					};
					8AA905ECE1C3EE17A037A2EF = {
						DevelopmentTeam = "";
						ProvisioningStyle = Automatic;
					};
					F14BDD1B8A7A271DE1D0476D = {
						DevelopmentTeam = "";
						ProvisioningStyle = Automatic;
					};
				};
			};
			buildConfigurationList = CDE40A60548CC20C1D7928C9 /* Build configuration list for PBXProject "Garantiebewaarder" */;
			developmentRegion = nl;
			hasScannedForEncodings = 0;
			knownRegions = (
				Base,
				en,
				nl,
			);
			mainGroup = A59BA0EDF3AEB24685BDD707;
			minimizedProjectReferenceProxies = 1;
			preferredProjectObjectVersion = 77;
			productRefGroup = CFF823D331E701B8F98A3303 /* Products */;
			projectDirPath = "";
			projectRoot = "";
			targets = (
				3A7F79C4F45540793015F794 /* Garantiebewaarder */,
				8AA905ECE1C3EE17A037A2EF /* GarantiebewaarderShare */,
				F14BDD1B8A7A271DE1D0476D /* GarantiebewaarderTests */,
				1629C6681B25A859B04CE984 /* GarantiebewaarderUITests */,
				645A9CBD62629D032EB2A221 /* GarantiebewaarderWidget */,
			);
		};
/* End PBXProject section */

/* Begin PBXResourcesBuildPhase section */
		0294C64231A81B96D59E51C1 /* Resources */ = {
			isa = PBXResourcesBuildPhase;
			buildActionMask = 2147483647;
			files = (
				3D41B0A78C1D403D9A975A24 /* Localizable.xcstrings in Resources */,
			);
			runOnlyForDeploymentPostprocessing = 0;
		};
		756AE6E53AA01E8BE84EDD69 /* Resources */ = {
			isa = PBXResourcesBuildPhase;
			buildActionMask = 2147483647;
			files = (
				AF8FA0129BB187FD8DA33FC8 /* Localizable.xcstrings in Resources */,
			);
			runOnlyForDeploymentPostprocessing = 0;
		};
		CA332774DCBDB6DB8D70FC2F /* Resources */ = {
			isa = PBXResourcesBuildPhase;
			buildActionMask = 2147483647;
			files = (
				D010CEFFF6D79CDBB7467014 /* Assets.xcassets in Resources */,
				406DA6C292682EC05FE33D35 /* Localizable.xcstrings in Resources */,
				9350F461356F855316FE8784 /* PrivacyInfo.xcprivacy in Resources */,
			);
			runOnlyForDeploymentPostprocessing = 0;
		};
/* End PBXResourcesBuildPhase section */

/* Begin PBXSourcesBuildPhase section */
		3AC3F20C9F388E22DCB2EAE1 /* Sources */ = {
			isa = PBXSourcesBuildPhase;
			buildActionMask = 2147483647;
			files = (
				4B7FFFD2E23DE9F90A462807 /* CoreFlowUITests.swift in Sources */,
			);
			runOnlyForDeploymentPostprocessing = 0;
		};
		571F76B5D47FAEC6639F011B /* Sources */ = {
			isa = PBXSourcesBuildPhase;
			buildActionMask = 2147483647;
			files = (
				3102873CF3B48A1BCE274E32 /* AppGroup.swift in Sources */,
				43CA995686FBB7E64DAD42D0 /* InboxStore.swift in Sources */,
				49005161336CB7DDB175F573 /* ShareViewController.swift in Sources */,
			);
			runOnlyForDeploymentPostprocessing = 0;
		};
		588804492FD4F9010F00677A /* Sources */ = {
			isa = PBXSourcesBuildPhase;
			buildActionMask = 2147483647;
			files = (
				11A45C9A95855A5F060FB0FC /* AttachmentProcessorTests.swift in Sources */,
				3A227B9B23E4B09062F5A32E /* ExportTests.swift in Sources */,
				09059669D517018EAE210555 /* NotificationPlannerTests.swift in Sources */,
				BEF393C793C70E8404A912FB /* OCRServiceTests.swift in Sources */,
				E0BD0C7224A9328466AAE2A4 /* PersistenceTests.swift in Sources */,
				3AA1206BB67CCBC23B2554E7 /* ProductDraftTests.swift in Sources */,
				CF51F70A22CDD568BAC96950 /* ProductListQueryTests.swift in Sources */,
				69E5469C432C66550B15B1A6 /* ProductModelTests.swift in Sources */,
				B45A7ED383482510BA3C95E8 /* ReceiptParserTests.swift in Sources */,
				4093961C58B32BDE860CFF5C /* SystemIntegrationTests.swift in Sources */,
				42DD62FDB7808F96A7DF66C8 /* WarrantyCalculatorTests.swift in Sources */,
			);
			runOnlyForDeploymentPostprocessing = 0;
		};
		81FBD6053DE07CCC958F901B /* Sources */ = {
			isa = PBXSourcesBuildPhase;
			buildActionMask = 2147483647;
			files = (
				113977AE0534A4410DA075B5 /* AppGroup.swift in Sources */,
				0D5C0D0BA498E9C3517CFFA0 /* AppSettings.swift in Sources */,
				86B5C661E3D01A8CF8884CE9 /* GarantieWidget.swift in Sources */,
				C4C3A7196D7133E64854E745 /* ReminderCandidate.swift in Sources */,
				FDEFFAE177491221F12C4DD0 /* WarrantyCalculator.swift in Sources */,
				F1654DB5E45CE6DCD692BF16 /* WarrantyRemaining+Text.swift in Sources */,
				D30365B60FB0B7064C7993A9 /* WarrantyStatus.swift in Sources */,
				393E772D20A2070F3CF71DB5 /* WidgetSnapshot.swift in Sources */,
			);
			runOnlyForDeploymentPostprocessing = 0;
		};
		91C4BD984C249637E85DB6AD /* Sources */ = {
			isa = PBXSourcesBuildPhase;
			buildActionMask = 2147483647;
			files = (
				0FCB5F4C29062C8979BF0E98 /* AddProductSheet.swift in Sources */,
				3EBFCFB2299ADFD574D7282F /* AppDelegate.swift in Sources */,
				9485CC48DC69552DDAA99E49 /* AppGroup.swift in Sources */,
				2AD7E3649BD1656B5E8FC1B3 /* AppInfo.swift in Sources */,
				C383D30CB3A23DDB84566BEA /* AppSettings.swift in Sources */,
				74F8815BA1AB7C975C0B3052 /* ArchivedProductsView.swift in Sources */,
				D981978C23E41A3CE6832551 /* Attachment.swift in Sources */,
				F8B959AEA628CA8160D91A2D /* AttachmentGrid.swift in Sources */,
				6904710AA9CB345ECC4E4FA0 /* AttachmentImportController.swift in Sources */,
				6E8859216E5189074E05B4A7 /* AttachmentProcessor.swift in Sources */,
				469211EDD5F116E9088F06D6 /* AttachmentViewer.swift in Sources */,
				26DCD5A250D6B6DBD977D7E8 /* AttachmentsEditorSection.swift in Sources */,
				BE5DFE2D0A52FC63DB539295 /* ClaimEmailTemplate.swift in Sources */,
				D52037830DD034A3840B8BD5 /* ClaimHelpView.swift in Sources */,
				5823A9AF7D99703449AAA571 /* DataEraser.swift in Sources */,
				E9E21E62D695B9224BCAA9C6 /* DeepLinkRouter.swift in Sources */,
				6D07D8935814813A72CD4AE5 /* DocumentScannerView.swift in Sources */,
				32C3B8A6A680C7E9E2B8B488 /* Enums.swift in Sources */,
				233C28386A605F9A5DAD4663 /* ExportFormat.swift in Sources */,
				F0AD01E2E5BCBA92889E6C86 /* ExportService.swift in Sources */,
				02125905C4E2BEB385A80B06 /* GarantiebewaarderApp.swift in Sources */,
				3A0EE065745A136749F31AC7 /* ICloudStatus.swift in Sources */,
				E495ED272D15A2F76310C140 /* InboxImporter.swift in Sources */,
				007A37EAF3B2BE346C225410 /* InboxStore.swift in Sources */,
				5F49AE3303254A7640F3F376 /* LegalContent.swift in Sources */,
				274A24C0315A950382731957 /* Money.swift in Sources */,
				F3C5FA491A8F69D4CB84A979 /* NotificationPlanner.swift in Sources */,
				7087339F0D5747743EC9829E /* NotificationScheduler.swift in Sources */,
				11E0F6C61E09A26F92630B04 /* OCRService.swift in Sources */,
				AC32613772BAEBB60F7F9485 /* OnboardingView.swift in Sources */,
				DD50C2A2BCBF71E43FA25D04 /* PersistenceController.swift in Sources */,
				189DC04B9A4AEE7177D93FA3 /* PreviewData.swift in Sources */,
				0504C976AB961CAA52A5C935 /* Product.swift in Sources */,
				18D2CFF432A4A56DA1988A8F /* ProductDetailView.swift in Sources */,
				4CA4299B4F3B9BC87071A8AB /* ProductDraft.swift in Sources */,
				9242DF307BE8628654EEA442 /* ProductEditView.swift in Sources */,
				094707724361F47D4A2C1812 /* ProductListQuery.swift in Sources */,
				4693C5409E1E788371C59CC6 /* ProductListView.swift in Sources */,
				5C8B5424D10FECECF32D5356 /* ProductRow.swift in Sources */,
				F7943981F62B7DF939B27AB3 /* ProductThumbnail.swift in Sources */,
				B88A5321240F0E59DD0C2E19 /* ReceiptParser.swift in Sources */,
				AD390EA79A10B8A8912A613F /* ReceiptSuggestions.swift in Sources */,
				13348BAD7669706080649F90 /* ReminderCandidate+Product.swift in Sources */,
				4FC75A4093507B1DCF1C0FF9 /* ReminderCandidate.swift in Sources */,
				C28C3FCA122C1F679BDF439F /* RemindersSync.swift in Sources */,
				1369F65E5B08FBC41A253DDD /* RootView.swift in Sources */,
				70C6B19DDAD999E7BE74E0C2 /* SettingsView.swift in Sources */,
				5115E66F5AF0B88E6DB50923 /* ShareSheet.swift in Sources */,
				588B1687A897CB88621B8978 /* SystemIntegration.swift in Sources */,
				62DFCF495AF7307C3F4EBC04 /* Theme.swift in Sources */,
				08A2C6F1BAFCB5E19FDA09D5 /* WarrantyCalculator.swift in Sources */,
				FEBFB630EB8DC37D1DAAFB87 /* WarrantyRemaining+Text.swift in Sources */,
				7E8E0E23A930C88B3CD9B04F /* WarrantyStatus.swift in Sources */,
				91A11A7B7EE408916D6551E9 /* WidgetSnapshot.swift in Sources */,
			);
			runOnlyForDeploymentPostprocessing = 0;
		};
/* End PBXSourcesBuildPhase section */

/* Begin PBXTargetDependency section */
		498AEED8B8C877E097AF7A1D /* PBXTargetDependency */ = {
			isa = PBXTargetDependency;
			target = 645A9CBD62629D032EB2A221 /* GarantiebewaarderWidget */;
			targetProxy = 97B4AC6FDE62CEDE5D952191 /* PBXContainerItemProxy */;
		};
		8CC3AEA60D957E337FBD2E96 /* PBXTargetDependency */ = {
			isa = PBXTargetDependency;
			target = 3A7F79C4F45540793015F794 /* Garantiebewaarder */;
			targetProxy = 426E36919ADBC471A3A9BD88 /* PBXContainerItemProxy */;
		};
		A55271F799191CEDD7AF25CA /* PBXTargetDependency */ = {
			isa = PBXTargetDependency;
			target = 8AA905ECE1C3EE17A037A2EF /* GarantiebewaarderShare */;
			targetProxy = 5CF5A61FA64FB52C7176AB50 /* PBXContainerItemProxy */;
		};
		FA98330C97CC1D3564C51D4C /* PBXTargetDependency */ = {
			isa = PBXTargetDependency;
			target = 3A7F79C4F45540793015F794 /* Garantiebewaarder */;
			targetProxy = 9FD7C61F07FC3EF3ACB20EAF /* PBXContainerItemProxy */;
		};
/* End PBXTargetDependency section */

/* Begin XCBuildConfiguration section */
		19A1D87EAF58409B72ADC624 /* Debug */ = {
			isa = XCBuildConfiguration;
			buildSettings = {
				CODE_SIGN_ENTITLEMENTS = GarantiebewaarderWidget/GarantiebewaarderWidget.entitlements;
				CURRENT_PROJECT_VERSION = 1;
				INFOPLIST_FILE = GarantiebewaarderWidget/Info.plist;
				LD_RUNPATH_SEARCH_PATHS = "$(inherited) @executable_path/Frameworks @executable_path/../../Frameworks";
				MARKETING_VERSION = 0.1;
				PRODUCT_BUNDLE_IDENTIFIER = com.jeroenlamberts.garantiebewaarder.widget;
				PRODUCT_NAME = GarantiebewaarderWidget;
				SKIP_INSTALL = YES;
				SWIFT_EMIT_LOC_STRINGS = YES;
				TARGETED_DEVICE_FAMILY = "1,2";
			};
			name = Debug;
		};
		4C49239247765B6207C0F87F /* Debug */ = {
			isa = XCBuildConfiguration;
			buildSettings = {
				CODE_SIGN_ENTITLEMENTS = GarantiebewaarderShare/GarantiebewaarderShare.entitlements;
				CURRENT_PROJECT_VERSION = 1;
				INFOPLIST_FILE = GarantiebewaarderShare/Info.plist;
				LD_RUNPATH_SEARCH_PATHS = "$(inherited) @executable_path/Frameworks @executable_path/../../Frameworks";
				MARKETING_VERSION = 0.1;
				PRODUCT_BUNDLE_IDENTIFIER = com.jeroenlamberts.garantiebewaarder.share;
				PRODUCT_NAME = GarantiebewaarderShare;
				SKIP_INSTALL = YES;
				SWIFT_EMIT_LOC_STRINGS = YES;
				TARGETED_DEVICE_FAMILY = "1,2";
			};
			name = Debug;
		};
		60A147FDC2A464E3D8850575 /* Release */ = {
			isa = XCBuildConfiguration;
			buildSettings = {
				GENERATE_INFOPLIST_FILE = YES;
				PRODUCT_BUNDLE_IDENTIFIER = com.jeroenlamberts.garantiebewaarder.uitests;
				PRODUCT_NAME = "$(TARGET_NAME)";
				TEST_TARGET_NAME = Garantiebewaarder;
			};
			name = Release;
		};
		749BC1ECD30E751ED57D5E9E /* Release */ = {
			isa = XCBuildConfiguration;
			buildSettings = {
				ALWAYS_SEARCH_USER_PATHS = NO;
				CODE_SIGN_STYLE = Automatic;
				DEVELOPMENT_TEAM = "";
				ENABLE_USER_SCRIPT_SANDBOXING = YES;
				GCC_TREAT_WARNINGS_AS_ERRORS = YES;
				IPHONEOS_DEPLOYMENT_TARGET = 17.0;
				SDKROOT = iphoneos;
				SWIFT_OPTIMIZATION_LEVEL = "-O";
				SWIFT_TREAT_WARNINGS_AS_ERRORS = YES;
				SWIFT_VERSION = 6.0;
			};
			name = Release;
		};
		7691CE50EF7B9597EE1DA3DD /* Release */ = {
			isa = XCBuildConfiguration;
			buildSettings = {
				CODE_SIGN_ENTITLEMENTS = GarantiebewaarderShare/GarantiebewaarderShare.entitlements;
				CURRENT_PROJECT_VERSION = 1;
				INFOPLIST_FILE = GarantiebewaarderShare/Info.plist;
				LD_RUNPATH_SEARCH_PATHS = "$(inherited) @executable_path/Frameworks @executable_path/../../Frameworks";
				MARKETING_VERSION = 0.1;
				PRODUCT_BUNDLE_IDENTIFIER = com.jeroenlamberts.garantiebewaarder.share;
				PRODUCT_NAME = GarantiebewaarderShare;
				SKIP_INSTALL = YES;
				SWIFT_EMIT_LOC_STRINGS = YES;
				TARGETED_DEVICE_FAMILY = "1,2";
			};
			name = Release;
		};
		9663A7307C8836D52E8625CD /* Release */ = {
			isa = XCBuildConfiguration;
			buildSettings = {
				BUNDLE_LOADER = "$(TEST_HOST)";
				GENERATE_INFOPLIST_FILE = YES;
				PRODUCT_BUNDLE_IDENTIFIER = com.jeroenlamberts.garantiebewaarder.tests;
				PRODUCT_NAME = "$(TARGET_NAME)";
				TEST_HOST = "$(BUILT_PRODUCTS_DIR)/Garantiebewaarder.app/Garantiebewaarder";
			};
			name = Release;
		};
		96C93C0F4C88FED6ECB1BFB2 /* Debug */ = {
			isa = XCBuildConfiguration;
			buildSettings = {
				ASSETCATALOG_COMPILER_APPICON_NAME = AppIcon;
				ASSETCATALOG_COMPILER_GLOBAL_ACCENT_COLOR_NAME = AccentColor;
				CODE_SIGN_ENTITLEMENTS = Garantiebewaarder/Garantiebewaarder.entitlements;
				CURRENT_PROJECT_VERSION = 1;
				INFOPLIST_FILE = Garantiebewaarder/Info.plist;
				LD_RUNPATH_SEARCH_PATHS = "$(inherited) @executable_path/Frameworks";
				MARKETING_VERSION = 0.1;
				PRODUCT_BUNDLE_IDENTIFIER = com.jeroenlamberts.garantiebewaarder;
				PRODUCT_NAME = Garantiebewaarder;
				SWIFT_EMIT_LOC_STRINGS = YES;
				TARGETED_DEVICE_FAMILY = "1,2";
			};
			name = Debug;
		};
		A18FE01E7A26D0E35EC5A904 /* Debug */ = {
			isa = XCBuildConfiguration;
			buildSettings = {
				GENERATE_INFOPLIST_FILE = YES;
				PRODUCT_BUNDLE_IDENTIFIER = com.jeroenlamberts.garantiebewaarder.uitests;
				PRODUCT_NAME = "$(TARGET_NAME)";
				TEST_TARGET_NAME = Garantiebewaarder;
			};
			name = Debug;
		};
		A6BC9AE4C0F51C0DE80F411F /* Release */ = {
			isa = XCBuildConfiguration;
			buildSettings = {
				CODE_SIGN_ENTITLEMENTS = GarantiebewaarderWidget/GarantiebewaarderWidget.entitlements;
				CURRENT_PROJECT_VERSION = 1;
				INFOPLIST_FILE = GarantiebewaarderWidget/Info.plist;
				LD_RUNPATH_SEARCH_PATHS = "$(inherited) @executable_path/Frameworks @executable_path/../../Frameworks";
				MARKETING_VERSION = 0.1;
				PRODUCT_BUNDLE_IDENTIFIER = com.jeroenlamberts.garantiebewaarder.widget;
				PRODUCT_NAME = GarantiebewaarderWidget;
				SKIP_INSTALL = YES;
				SWIFT_EMIT_LOC_STRINGS = YES;
				TARGETED_DEVICE_FAMILY = "1,2";
			};
			name = Release;
		};
		BAF7D3D836969F0C57A9E3A4 /* Debug */ = {
			isa = XCBuildConfiguration;
			buildSettings = {
				ALWAYS_SEARCH_USER_PATHS = NO;
				CODE_SIGN_STYLE = Automatic;
				DEVELOPMENT_TEAM = "";
				ENABLE_TESTABILITY = YES;
				ENABLE_USER_SCRIPT_SANDBOXING = YES;
				GCC_TREAT_WARNINGS_AS_ERRORS = YES;
				IPHONEOS_DEPLOYMENT_TARGET = 17.0;
				ONLY_ACTIVE_ARCH = YES;
				SDKROOT = iphoneos;
				SWIFT_ACTIVE_COMPILATION_CONDITIONS = DEBUG;
				SWIFT_OPTIMIZATION_LEVEL = "-Onone";
				SWIFT_TREAT_WARNINGS_AS_ERRORS = YES;
				SWIFT_VERSION = 6.0;
			};
			name = Debug;
		};
		E18B65C81E7A338E429760CF /* Release */ = {
			isa = XCBuildConfiguration;
			buildSettings = {
				ASSETCATALOG_COMPILER_APPICON_NAME = AppIcon;
				ASSETCATALOG_COMPILER_GLOBAL_ACCENT_COLOR_NAME = AccentColor;
				CODE_SIGN_ENTITLEMENTS = Garantiebewaarder/Garantiebewaarder.entitlements;
				CURRENT_PROJECT_VERSION = 1;
				INFOPLIST_FILE = Garantiebewaarder/Info.plist;
				LD_RUNPATH_SEARCH_PATHS = "$(inherited) @executable_path/Frameworks";
				MARKETING_VERSION = 0.1;
				PRODUCT_BUNDLE_IDENTIFIER = com.jeroenlamberts.garantiebewaarder;
				PRODUCT_NAME = Garantiebewaarder;
				SWIFT_EMIT_LOC_STRINGS = YES;
				TARGETED_DEVICE_FAMILY = "1,2";
			};
			name = Release;
		};
		F269B31F440D2C001A8C2454 /* Debug */ = {
			isa = XCBuildConfiguration;
			buildSettings = {
				BUNDLE_LOADER = "$(TEST_HOST)";
				GENERATE_INFOPLIST_FILE = YES;
				PRODUCT_BUNDLE_IDENTIFIER = com.jeroenlamberts.garantiebewaarder.tests;
				PRODUCT_NAME = "$(TARGET_NAME)";
				TEST_HOST = "$(BUILT_PRODUCTS_DIR)/Garantiebewaarder.app/Garantiebewaarder";
			};
			name = Debug;
		};
/* End XCBuildConfiguration section */

/* Begin XCConfigurationList section */
		00E8020E340358257AE09177 /* Build configuration list for PBXNativeTarget "GarantiebewaarderWidget" */ = {
			isa = XCConfigurationList;
			buildConfigurations = (
				19A1D87EAF58409B72ADC624 /* Debug */,
				A6BC9AE4C0F51C0DE80F411F /* Release */,
			);
			defaultConfigurationIsVisible = 0;
			defaultConfigurationName = Debug;
		};
		46E7F8D6AFD0FF199D0D0308 /* Build configuration list for PBXNativeTarget "Garantiebewaarder" */ = {
			isa = XCConfigurationList;
			buildConfigurations = (
				96C93C0F4C88FED6ECB1BFB2 /* Debug */,
				E18B65C81E7A338E429760CF /* Release */,
			);
			defaultConfigurationIsVisible = 0;
			defaultConfigurationName = Debug;
		};
		706E471275FEC4B29359E49F /* Build configuration list for PBXNativeTarget "GarantiebewaarderShare" */ = {
			isa = XCConfigurationList;
			buildConfigurations = (
				4C49239247765B6207C0F87F /* Debug */,
				7691CE50EF7B9597EE1DA3DD /* Release */,
			);
			defaultConfigurationIsVisible = 0;
			defaultConfigurationName = Debug;
		};
		CDE40A60548CC20C1D7928C9 /* Build configuration list for PBXProject "Garantiebewaarder" */ = {
			isa = XCConfigurationList;
			buildConfigurations = (
				BAF7D3D836969F0C57A9E3A4 /* Debug */,
				749BC1ECD30E751ED57D5E9E /* Release */,
			);
			defaultConfigurationIsVisible = 0;
			defaultConfigurationName = Debug;
		};
		DCD587330430F900CD4F8864 /* Build configuration list for PBXNativeTarget "GarantiebewaarderUITests" */ = {
			isa = XCConfigurationList;
			buildConfigurations = (
				A18FE01E7A26D0E35EC5A904 /* Debug */,
				60A147FDC2A464E3D8850575 /* Release */,
			);
			defaultConfigurationIsVisible = 0;
			defaultConfigurationName = Debug;
		};
		DD8A62F2164C381BF439696F /* Build configuration list for PBXNativeTarget "GarantiebewaarderTests" */ = {
			isa = XCConfigurationList;
			buildConfigurations = (
				F269B31F440D2C001A8C2454 /* Debug */,
				9663A7307C8836D52E8625CD /* Release */,
			);
			defaultConfigurationIsVisible = 0;
			defaultConfigurationName = Debug;
		};
/* End XCConfigurationList section */
	};
	rootObject = EB5C01F571E9DECE71C4C685 /* Project object */;
}
